<?xml version="1.0" encoding="utf-8"?>
<Project ToolsVersion="4.0" xmlns="http://schemas.microsoft.com/developer/msbuild/2003">
  <ItemGroup>
    <Filter Include="Source Files">
      <UniqueIdentifier>{4FC737F1-C7A5-4376-A066-2A32D752A2FF}</UniqueIdentifier>
      <Extensions>cpp;c;cc;cxx;c++;cppm;ixx;def;odl;idl;hpj;bat;asm;asmx</Extensions>
    </Filter>
    <Filter Include="Header Files">
      <UniqueIdentifier>{93995380-89BD-4b04-88EB-625FBE52EBFB}</UniqueIdentifier>
      <Extensions>h;hh;hpp;hxx;h++;hm;inl;inc;ipp;xsd</Extensions>
    </Filter>
    <Filter Include="Resource Files">
      <UniqueIdentifier>{67DA6AB6-F800-4c08-8B7A-83BB121AAD01}</UniqueIdentifier>
      <Extensions>rc;ico;cur;bmp;dlg;rc2;rct;bin;rgs;gif;jpg;jpeg;jpe;resx;tiff;tif;png;wav;mfcribbon-ms</Extensions>
    </Filter>
    <Filter Include="Header Files\math">
      <UniqueIdentifier>{1dc8ecf5-9798-49c6-9487-35416a36a453}</UniqueIdentifier>
    </Filter>
    <Filter Include="Header Files\physics">
      <UniqueIdentifier>{5a3194bc-4136-4baf-9bc6-7a2b82925774}</UniqueIdentifier>
    </Filter>
    <Filter Include="Source Files\physics">
      <UniqueIdentifier>{78d0c872-21c9-4f80-9bd6-e946aecae1ed}</UniqueIdentifier>
    </Filter>
    <Filter Include="Header Files\graphics">
      <UniqueIdentifier>{d9670e66-8e31-4525-9875-7a196a73f09c}</UniqueIdentifier>
    </Filter>
    <Filter Include="Source Files\graphics">
      <UniqueIdentifier>{6f370779-95dd-4915-b793-2890171193a9}</UniqueIdentifier>
    </Filter>
    <Filter Include="Header Files\core">
      <UniqueIdentifier>{68f9508b-692d-4a3f-a944-61aecf093757}</UniqueIdentifier>
    </Filter>
    <Filter Include="Source Files\core">
      <UniqueIdentifier>{f74440ab-058e-4214-b766-546c8deec4c2}</UniqueIdentifier>
    </Filter>
    <Filter Include="Header Files\geometry">
      <UniqueIdentifier>{6352f9af-84af-494a-b13c-ba3417f9b549}</UniqueIdentifier>
    </Filter>
  </ItemGroup>
  <ItemGroup>
    <ClInclude Include="src\math\interval.h">
      <Filter>Header Files\math</Filter>
    </ClInclude>
    <ClInclude Include="src\math\matrix.h">
      <Filter>Header Files\math</Filter>
    </ClInclude>
    <ClInclude Include="src\math\quaternion.h">
      <Filter>Header Files\math</Filter>
    </ClInclude>
    <ClInclude Include="src\math\scalar.h">
      <Filter>Header Files\math</Filter>
    </ClInclude>
    <ClInclude Include="src\math\vector.h">
      <Filter>Header Files\math</Filter>
    </ClInclude>
    <ClInclude Include="src\graphics\spot_light_component.h">
      <Filter>Header Files\graphics</Filter>
    </ClInclude>
    <ClInclude Include="src\graphics\point_light_component.h">
      <Filter>Header Files\graphics</Filter>
    </ClInclude>
    <ClInclude Include="src\graphics\graphics_system.h">
      <Filter>Header Files\graphics</Filter>
    </ClInclude>
    <ClInclude Include="src\physics\physics_system.h">
      <Filter>Header Files\physics</Filter>
    </ClInclude>
    <ClInclude Include="src\core\transform_component.h">
      <Filter>Header Files\core</Filter>
    </ClInclude>
    <ClInclude Include="src\physics\rigid_body_component.h">
      <Filter>Header Files\physics</Filter>
    </ClInclude>
    <ClInclude Include="src\core\world.h">
      <Filter>Header Files\core</Filter>
    </ClInclude>
    <ClInclude Include="src\core\transform_system.h">
      <Filter>Header Files\core</Filter>
    </ClInclude>
    <ClInclude Include="src\core\window.h">
      <Filter>Header Files\core</Filter>
    </ClInclude>
    <ClInclude Include="src\geometry\ray.h">
      <Filter>Header Files\geometry</Filter>
    </ClInclude>
    <ClInclude Include="src\geometry\sphere.h">
      <Filter>Header Files\geometry</Filter>
    </ClInclude>
    <ClInclude Include="src\graphics\scattering_lut.h">
      <Filter>Header Files\graphics</Filter>
    </ClInclude>
    <ClInclude Include="src\graphics\optical_depth_lut.h">
      <Filter>Header Files\graphics</Filter>
    </ClInclude>
    <ClInclude Include="src\graphics\atmosphere.h">
      <Filter>Header Files\graphics</Filter>
    </ClInclude>
    <ClInclude Include="src\graphics\optical_depth_lut_create_info.h">
      <Filter>Header Files\graphics</Filter>
    </ClInclude>
    <ClInclude Include="src\graphics\scattering_lut_create_info.h">
      <Filter>Header Files\graphics</Filter>
    </ClInclude>
    <ClInclude Include="src\core\gpu_context.h">
      <Filter>Header Files\core</Filter>
    </ClInclude>
    <ClInclude Include="src\graphics\renderer.h">
      <Filter>Header Files\graphics</Filter>
    </ClInclude>
    <ClInclude Include="src\core\gpu_allocator.h">
      <Filter>Header Files\core</Filter>
    </ClInclude>
    <ClInclude Include="src\core\vk_mem_alloc.h">
      <Filter>Header Files\core</Filter>
    </ClInclude>
    <ClInclude Include="src\graphics\gpu_frame.h">
      <Filter>Header Files\graphics</Filter>
    </ClInclude>
    <ClInclude Include="src\core\gpu_buffer.h">
      <Filter>Header Files\core</Filter>
    </ClInclude>
    <ClInclude Include="src\core\gpu_image.h">
      <Filter>Header Files\core</Filter>
    </ClInclude>
  </ItemGroup>
  <ItemGroup>
    <ClCompile Include="src\graphics\point_light_component.cpp">
      <Filter>Source Files\graphics</Filter>
    </ClCompile>
    <ClCompile Include="src\graphics\spot_light_component.cpp">
      <Filter>Source Files\graphics</Filter>
    </ClCompile>
    <ClCompile Include="src\physics\physics_system.cpp">
      <Filter>Source Files\physics</Filter>
    </ClCompile>
    <ClCompile Include="src\main.cpp">
      <Filter>Source Files</Filter>
    </ClCompile>
    <ClCompile Include="src\core\world.cpp">
      <Filter>Source Files\core</Filter>
    </ClCompile>
    <ClCompile Include="src\core\transform_system.cpp">
      <Filter>Source Files\core</Filter>
    </ClCompile>
    <ClCompile Include="src\core\window.cpp">
      <Filter>Source Files\core</Filter>
    </ClCompile>
    <ClCompile Include="src\graphics\gpu_frame.cpp">
      <Filter>Source Files\graphics</Filter>
    </ClCompile>
    <ClCompile Include="src\graphics\scattering_lut.cpp">
      <Filter>Source Files\graphics</Filter>
    </ClCompile>
    <ClCompile Include="src\graphics\optical_depth_lut.cpp">
      <Filter>Source Files\graphics</Filter>
    </ClCompile>
    <ClCompile Include="src\graphics\atmosphere.cpp">
      <Filter>Source Files\graphics</Filter>
    </ClCompile>
    <ClCompile Include="src\core\gpu_context.cpp">
      <Filter>Source Files\core</Filter>
    </ClCompile>
    <ClCompile Include="src\core\gpu_allocator.cpp">
      <Filter>Source Files\core</Filter>
    </ClCompile>
    <ClCompile Include="src\core\vk_mem_alloc.cpp">
      <Filter>Source Files\core</Filter>
    </ClCompile>
    <ClCompile Include="src\core\gpu_buffer.cpp">
      <Filter>Source Files\core</Filter>
    </ClCompile>
    <ClCompile Include="src\core\gpu_image.cpp">
      <Filter>Source Files\core</Filter>
    </ClCompile>
    <ClCompile Include="src\graphics\renderer.cpp">
      <Filter>Source Files\graphics</Filter>
    </ClCompile>
  </ItemGroup>
</Project>