<?xml version="1.0" encoding="utf-8"?>
<Project ToolsVersion="4.0" xmlns="http://schemas.microsoft.com/developer/msbuild/2003">
  <ItemGroup>
    <Filter Include="util">
      <UniqueIdentifier>{47027410-9dcd-4f3b-85b7-d5cbbd442c54}</UniqueIdentifier>
    </Filter>
    <Filter Include="util\interface">
      <UniqueIdentifier>{94caea8b-655e-48ba-acd2-c4861e91c372}</UniqueIdentifier>
    </Filter>
    <Filter Include="gpu">
      <UniqueIdentifier>{2978446c-de71-4f85-a73f-24b12699cc96}</UniqueIdentifier>
    </Filter>
    <Filter Include="gpu\interface">
      <UniqueIdentifier>{643ea484-9909-4cf9-8295-380a9b500435}</UniqueIdentifier>
    </Filter>
    <Filter Include="gpu\implementation">
      <UniqueIdentifier>{8c72df43-9645-462e-a5e1-f11ed3a13e9e}</UniqueIdentifier>
    </Filter>
  </ItemGroup>
  <ItemGroup>
    <ClCompile Include="src\util\Bounds.ixx">
      <Filter>util\interface</Filter>
    </ClCompile>
    <ClCompile Include="src\util\Extent.ixx">
      <Filter>util\interface</Filter>
    </ClCompile>
    <ClCompile Include="src\util\Flags.ixx">
      <Filter>util\interface</Filter>
    </ClCompile>
    <ClCompile Include="src\util\Matrix.ixx">
      <Filter>util\interface</Filter>
    </ClCompile>
    <ClCompile Include="src\util\Vector.ixx">
      <Filter>util\interface</Filter>
    </ClCompile>
    <ClCompile Include="src\util\mobula.util.ixx">
      <Filter>util</Filter>
    </ClCompile>
    <ClCompile Include="src\gpu\Allocator.cpp">
      <Filter>gpu\implementation</Filter>
    </ClCompile>
    <ClCompile Include="src\gpu\Buffer.cpp">
      <Filter>gpu\implementation</Filter>
    </ClCompile>
    <ClCompile Include="src\gpu\ComputePipeline.cpp">
      <Filter>gpu\implementation</Filter>
    </ClCompile>
    <ClCompile Include="src\gpu\Context.cpp">
      <Filter>gpu\implementation</Filter>
    </ClCompile>
    <ClCompile Include="src\gpu\DescriptorSetLayout.cpp">
      <Filter>gpu\implementation</Filter>
    </ClCompile>
    <ClCompile Include="src\gpu\DescriptorSetLayoutCache.cpp">
      <Filter>gpu\implementation</Filter>
    </ClCompile>
    <ClCompile Include="src\gpu\GraphicsPipeline.cpp">
      <Filter>gpu\implementation</Filter>
    </ClCompile>
    <ClCompile Include="src\gpu\Image.cpp">
      <Filter>gpu\implementation</Filter>
    </ClCompile>
    <ClCompile Include="src\gpu\MappedMemory.cpp">
      <Filter>gpu\implementation</Filter>
    </ClCompile>
    <ClCompile Include="src\gpu\PipelineCache.cpp">
      <Filter>gpu\implementation</Filter>
    </ClCompile>
    <ClCompile Include="src\gpu\PipelineLayout.cpp">
      <Filter>gpu\implementation</Filter>
    </ClCompile>
    <ClCompile Include="src\gpu\PipelineLayoutCache.cpp">
      <Filter>gpu\implementation</Filter>
    </ClCompile>
    <ClCompile Include="src\gpu\RenderPass.cpp">
      <Filter>gpu\implementation</Filter>
    </ClCompile>
    <ClCompile Include="src\gpu\RenderPassCache.cpp">
      <Filter>gpu\implementation</Filter>
    </ClCompile>
    <ClCompile Include="src\gpu\Sampler.cpp">
      <Filter>gpu\implementation</Filter>
    </ClCompile>
    <ClCompile Include="src\gpu\SamplerCache.cpp">
      <Filter>gpu\implementation</Filter>
    </ClCompile>
    <ClCompile Include="src\gpu\ShaderModule.cpp">
      <Filter>gpu\implementation</Filter>
    </ClCompile>
    <ClCompile Include="src\gpu\ShaderModuleCache.cpp">
      <Filter>gpu\implementation</Filter>
    </ClCompile>
    <ClCompile Include="src\gpu\AllocationParams.ixx">
      <Filter>gpu\interface</Filter>
    </ClCompile>
    <ClCompile Include="src\gpu\Allocator.ixx">
      <Filter>gpu\interface</Filter>
    </ClCompile>
    <ClCompile Include="src\gpu\Buffer.ixx">
      <Filter>gpu\interface</Filter>
    </ClCompile>
    <ClCompile Include="src\gpu\BufferParams.ixx">
      <Filter>gpu\interface</Filter>
    </ClCompile>
    <ClCompile Include="src\gpu\ComputePipeline.ixx">
      <Filter>gpu\interface</Filter>
    </ClCompile>
    <ClCompile Include="src\gpu\ComputePipelineParams.ixx">
      <Filter>gpu\interface</Filter>
    </ClCompile>
    <ClCompile Include="src\gpu\Context.ixx">
      <Filter>gpu\interface</Filter>
    </ClCompile>
    <ClCompile Include="src\gpu\DescriptorSetLayout.ixx">
      <Filter>gpu\interface</Filter>
    </ClCompile>
    <ClCompile Include="src\gpu\DescriptorSetLayoutCache.ixx">
      <Filter>gpu\interface</Filter>
    </ClCompile>
    <ClCompile Include="src\gpu\DescriptorSetLayoutParams.ixx">
      <Filter>gpu\interface</Filter>
    </ClCompile>
    <ClCompile Include="src\gpu\GraphicsPipeline.ixx">
      <Filter>gpu\interface</Filter>
    </ClCompile>
    <ClCompile Include="src\gpu\GraphicsPipelineParams.ixx">
      <Filter>gpu\interface</Filter>
    </ClCompile>
    <ClCompile Include="src\gpu\Image.ixx">
      <Filter>gpu\interface</Filter>
    </ClCompile>
    <ClCompile Include="src\gpu\ImageParams.ixx">
      <Filter>gpu\interface</Filter>
    </ClCompile>
    <ClCompile Include="src\gpu\MappedMemory.ixx">
      <Filter>gpu\interface</Filter>
    </ClCompile>
    <ClCompile Include="src\gpu\PipelineCache.ixx">
      <Filter>gpu\interface</Filter>
    </ClCompile>
    <ClCompile Include="src\gpu\PipelineLayout.ixx">
      <Filter>gpu\interface</Filter>
    </ClCompile>
    <ClCompile Include="src\gpu\PipelineLayoutCache.ixx">
      <Filter>gpu\interface</Filter>
    </ClCompile>
    <ClCompile Include="src\gpu\PipelineLayoutParams.ixx">
      <Filter>gpu\interface</Filter>
    </ClCompile>
    <ClCompile Include="src\gpu\PipelineShaderStageParams.ixx">
      <Filter>gpu\interface</Filter>
    </ClCompile>
    <ClCompile Include="src\gpu\RenderPass.ixx">
      <Filter>gpu\interface</Filter>
    </ClCompile>
    <ClCompile Include="src\gpu\RenderPassCache.ixx">
      <Filter>gpu\interface</Filter>
    </ClCompile>
    <ClCompile Include="src\gpu\RenderPassParams.ixx">
      <Filter>gpu\interface</Filter>
    </ClCompile>
    <ClCompile Include="src\gpu\Sampler.ixx">
      <Filter>gpu\interface</Filter>
    </ClCompile>
    <ClCompile Include="src\gpu\SamplerCache.ixx">
      <Filter>gpu\interface</Filter>
    </ClCompile>
    <ClCompile Include="src\gpu\SamplerParams.ixx">
      <Filter>gpu\interface</Filter>
    </ClCompile>
    <ClCompile Include="src\gpu\ShaderModule.ixx">
      <Filter>gpu\interface</Filter>
    </ClCompile>
    <ClCompile Include="src\gpu\ShaderModuleCache.ixx">
      <Filter>gpu\interface</Filter>
    </ClCompile>
    <ClCompile Include="src\gpu\VulkanMemoryParams.ixx">
      <Filter>gpu\interface</Filter>
    </ClCompile>
    <ClCompile Include="src\gpu\mobula.gpu.ixx">
      <Filter>gpu</Filter>
    </ClCompile>
  </ItemGroup>
</Project>