<?xml version="1.0" encoding="utf-8"?>
<Project ToolsVersion="4.0" xmlns="http://schemas.microsoft.com/developer/msbuild/2003">
  <ItemGroup>
    <Filter Include="util">
      <UniqueIdentifier>{b4ed8eb0-34f3-461e-ac4e-8c4a747b3cad}</UniqueIdentifier>
    </Filter>
  </ItemGroup>
  <ItemGroup>
    <ClCompile Include="src\Main.cpp" />
    <ClCompile Include="src\util\FlagsTest.cpp">
      <Filter>util</Filter>
    </ClCompile>
  </ItemGroup>
</Project>